
Microsoft Visual Studio Solution File, Format Version 12.00
# Visual Studio 15
VisualStudioVersion = 15.0.27703.2042
MinimumVisualStudioVersion = 10.0.40219.1
Project("{FAE04EC0-301F-11D3-BF4B-00C04F79EFBC}") = "PasswordCheckerConsole", "PasswordCheckerConsole\PasswordCheckerConsole.csproj", "{28507BD3-CD79-47C1-8C5B-EACECEFA47A7}"
EndProject
Global
	GlobalSection(SolutionConfigurationPlatforms) = preSolution
		Debug|Any CPU = Debug|Any CPU
		Release|Any CPU = Release|Any CPU
	EndGlobalSection
	GlobalSection(ProjectConfigurationPlatforms) = postSolution
		{28507BD3-CD79-47C1-8C5B-EACECEFA47A7}.Debug|Any CPU.ActiveCfg = Debug|Any CPU
		{28507BD3-CD79-47C1-8C5B-EACECEFA47A7}.Debug|Any CPU.Build.0 = Debug|Any CPU
		{28507BD3-CD79-47C1-8C5B-EACECEFA47A7}.Release|Any CPU.ActiveCfg = Release|Any CPU
		{28507BD3-CD79-47C1-8C5B-EACECEFA47A7}.Release|Any CPU.Build.0 = Release|Any CPU
	EndGlobalSection
	GlobalSection(SolutionProperties) = preSolution
		HideSolutionNode = FALSE
	EndGlobalSection
	GlobalSection(ExtensibilityGlobals) = postSolution
		SolutionGuid = {E87ED896-A44E-4BD4-A997-44B0F8C74F23}
	EndGlobalSection
EndGlobal
